PODS:
  - Masonry (1.0.2)
  - MCCommonTableView (0.0.1)

DEPENDENCIES:
  - Masonry (~> 1.0)
  - MCCommonTableView (~> 0.0.1)

SPEC CHECKSUMS:
  Masonry: 7c429b56da9d4ee0bbb3ed77a5ea710d6a5df39e
  MCCommonTableView: 5f0e5c4082abdf4feb64bac1f03d6cb2d23491b9

PODFILE CHECKSUM: 34f25861713bf1a7be4d39481126f7283c3b5b86

COCOAPODS: 1.2.0
